
Microsoft Visual Studio Solution File, Format Version 12.00
# Visual Studio 14
VisualStudioVersion = 14.0.25420.1
MinimumVisualStudioVersion = 10.0.40219.1
Project("{FAE04EC0-301F-11D3-BF4B-00C04F79EFBC}") = "ZenithDataLib", "ZenithDataLib\ZenithDataLib.csproj", "{5367A7C4-90DE-46D7-B8CF-485E93CBA979}"
EndProject
Project("{FAE04EC0-301F-11D3-BF4B-00C04F79EFBC}") = "ZenithWebSite", "ZenithWebSite\ZenithWebSite.csproj", "{ACE3A073-FFC8-44A2-AD2C-C83EC25DA9AD}"
EndProject
Global
	GlobalSection(SolutionConfigurationPlatforms) = preSolution
		Debug|Any CPU = Debug|Any CPU
		Release|Any CPU = Release|Any CPU
	EndGlobalSection
	GlobalSection(ProjectConfigurationPlatforms) = postSolution
		{5367A7C4-90DE-46D7-B8CF-485E93CBA979}.Debug|Any CPU.ActiveCfg = Debug|Any CPU
		{5367A7C4-90DE-46D7-B8CF-485E93CBA979}.Debug|Any CPU.Build.0 = Debug|Any CPU
		{5367A7C4-90DE-46D7-B8CF-485E93CBA979}.Release|Any CPU.ActiveCfg = Release|Any CPU
		{5367A7C4-90DE-46D7-B8CF-485E93CBA979}.Release|Any CPU.Build.0 = Release|Any CPU
		{ACE3A073-FFC8-44A2-AD2C-C83EC25DA9AD}.Debug|Any CPU.ActiveCfg = Debug|Any CPU
		{ACE3A073-FFC8-44A2-AD2C-C83EC25DA9AD}.Debug|Any CPU.Build.0 = Debug|Any CPU
		{ACE3A073-FFC8-44A2-AD2C-C83EC25DA9AD}.Release|Any CPU.ActiveCfg = Release|Any CPU
		{ACE3A073-FFC8-44A2-AD2C-C83EC25DA9AD}.Release|Any CPU.Build.0 = Release|Any CPU
	EndGlobalSection
	GlobalSection(SolutionProperties) = preSolution
		HideSolutionNode = FALSE
	EndGlobalSection
EndGlobal
